PODS:
  - Agrume (2.0.2)
  - Alamofire (3.5.1)
  - AlamofireImage (2.5.0):
    - Alamofire (~> 3.5)
  - FlatUIKit (1.6.2)
  - Glyptodon (1.0.9)
  - SwiftyJSON (2.4.0)

DEPENDENCIES:
  - Agrume (from `https://github.com/JanGorman/Agrume.git`)
  - Alamofire (~> 3.5.0)
  - AlamofireImage (~> 2.5.0)
  - FlatUIKit
  - Glyptodon (~> 1.0)
  - SwiftyJSON (~> 2.4.0)

EXTERNAL SOURCES:
  Agrume:
    :git: https://github.com/JanGorman/Agrume.git

CHECKOUT OPTIONS:
  Agrume:
    :commit: 62746b62b1e26cd01cf7b41b184fd14000457146
    :git: https://github.com/JanGorman/Agrume.git

SPEC CHECKSUMS:
  Agrume: d8f0b55713f0cac8927d410bd87eec0487d74061
  Alamofire: 0dfba1184a543e2aa160f4e39cac4e8aba48d223
  AlamofireImage: 2d34936e5201270bb17a316a786e90e83b4a249d
  FlatUIKit: 1b41f0d4952ce8d970d8479ce79df54a960242c4
  Glyptodon: 0a73952fe2b413f5784a640b665b39719515b3a1
  SwiftyJSON: 96918c1bf505efa50c4f72957018dd3452090c9c

PODFILE CHECKSUM: ccc844bb6dc91dea5936a00a3c84ded9bb8bc107

COCOAPODS: 1.2.0.beta.1
