PODS:
  - Alamofire (4.6.0)
  - Reachability (3.2)
  - SwiftyJSON (4.0.0)

DEPENDENCIES:
  - Alamofire (~> 4.5)
  - Reachability
  - SwiftyJSON

SPEC CHECKSUMS:
  Alamofire: f41a599bd63041760b26d393ec1069d9d7b917f4
  Reachability: 33e18b67625424e47b6cde6d202dce689ad7af96
  SwiftyJSON: 070dabdcb1beb81b247c65ffa3a79dbbfb3b48aa

PODFILE CHECKSUM: a1658bc5b9fcf93baa704f33ec69e50687024611

COCOAPODS: 1.4.0.beta.2
