PODS:
  - Agrume (4.0.4)
  - Alamofire (4.6.0)
  - SwiftyJSON (4.0.0)

DEPENDENCIES:
  - Agrume (from `https://github.com/JanGorman/Agrume.git`)
  - Alamofire (~> 4.6)
  - SwiftyJSON

EXTERNAL SOURCES:
  Agrume:
    :git: https://github.com/JanGorman/Agrume.git

CHECKOUT OPTIONS:
  Agrume:
    :commit: 80a96ba508a32d425af842bffd7e2fe8ef978c6e
    :git: https://github.com/JanGorman/Agrume.git

SPEC CHECKSUMS:
  Agrume: 123943d590fd0436a00642e37032da1814518153
  Alamofire: f41a599bd63041760b26d393ec1069d9d7b917f4
  SwiftyJSON: 070dabdcb1beb81b247c65ffa3a79dbbfb3b48aa

PODFILE CHECKSUM: e976984fa8740331d72ebd4f90d52cc704878a67

COCOAPODS: 1.4.0
