// !$*UTF8*$!
{
	archiveVersion = 1;
	classes = {
	};
	objectVersion = 48;
	objects = {

/* Begin PBXBuildFile section */
		842A6C72D8B87F13957D392B /* Pods_HackFSU.framework in Frameworks */ = {isa = PBXBuildFile; fileRef = CCC35D8A4E9396569DA4F8E2 /* Pods_HackFSU.framework */; };
		B90B5A8B20157F7400811040 /* LiveFeedMainCell.swift in Sources */ = {isa = PBXBuildFile; fileRef = B90B5A8A20157F7400811040 /* LiveFeedMainCell.swift */; };
		B91491A52009BCAD006FD7DF /* FirstHackViewController.swift in Sources */ = {isa = PBXBuildFile; fileRef = B91491A12009BCAC006FD7DF /* FirstHackViewController.swift */; };
		B91491A62009BCAD006FD7DF /* FinalRankingViewController.swift in Sources */ = {isa = PBXBuildFile; fileRef = B91491A22009BCAC006FD7DF /* FinalRankingViewController.swift */; };
		B91491A72009BCAD006FD7DF /* SecondHackViewController.swift in Sources */ = {isa = PBXBuildFile; fileRef = B91491A32009BCAC006FD7DF /* SecondHackViewController.swift */; };
		B91491A82009BCAD006FD7DF /* thirdHackViewController.swift in Sources */ = {isa = PBXBuildFile; fileRef = B91491A42009BCAC006FD7DF /* thirdHackViewController.swift */; };
		B91491AB2009BCB7006FD7DF /* superlativeTableViewCell.swift in Sources */ = {isa = PBXBuildFile; fileRef = B91491A92009BCB7006FD7DF /* superlativeTableViewCell.swift */; };
		B91491AC2009BCB7006FD7DF /* InitialHackViewController.swift in Sources */ = {isa = PBXBuildFile; fileRef = B91491AA2009BCB7006FD7DF /* InitialHackViewController.swift */; };
		B91F44B0202226D500DCA395 /* ScannerViewController.swift in Sources */ = {isa = PBXBuildFile; fileRef = B91F44AF202226D500DCA395 /* ScannerViewController.swift */; };
		B945439420123141002F326B /* LiveFeedTableViewCell.swift in Sources */ = {isa = PBXBuildFile; fileRef = B945439320123141002F326B /* LiveFeedTableViewCell.swift */; };
		B977B8EE20325D8A00271ADA /* PostAnnouncement.swift in Sources */ = {isa = PBXBuildFile; fileRef = B977B8ED20325D8A00271ADA /* PostAnnouncement.swift */; };
		B99698D02023F8C5002A91B7 /* EventSelectionViewController.swift in Sources */ = {isa = PBXBuildFile; fileRef = B99698CF2023F8C5002A91B7 /* EventSelectionViewController.swift */; };
		B9A589702029120F000BF51A /* HackFSUWatch Extension.appex in Embed App Extensions */ = {isa = PBXBuildFile; fileRef = B9A5896F2029120F000BF51A /* HackFSUWatch Extension.appex */; settings = {ATTRIBUTES = (RemoveHeadersOnCopy, ); }; };
		B9B4A75E20365FE500D79AAE /* tabBarVisualViewController.swift in Sources */ = {isa = PBXBuildFile; fileRef = B9B4A75D20365FE500D79AAE /* tabBarVisualViewController.swift */; };
		B9B6DF842022BDBF009D6009 /* adminPanelViewController.swift in Sources */ = {isa = PBXBuildFile; fileRef = B9B6DF832022BDBF009D6009 /* adminPanelViewController.swift */; };
		B9D84F0B20069C2D00556ABE /* NotificationAfterLoginViewController.swift in Sources */ = {isa = PBXBuildFile; fileRef = B9D84F0A20069C2D00556ABE /* NotificationAfterLoginViewController.swift */; };
		DF00B44D204316B600C5F86A /* routes.swift in Sources */ = {isa = PBXBuildFile; fileRef = DF00B44C204316B600C5F86A /* routes.swift */; };
		DF21FEF81FA5132B00116A29 /* PersistenceService.swift in Sources */ = {isa = PBXBuildFile; fileRef = DF21FEF71FA5132B00116A29 /* PersistenceService.swift */; };
		DF2AD2C21F8A9DC700AB4BF6 /* LoginViewController.swift in Sources */ = {isa = PBXBuildFile; fileRef = DF2AD2C11F8A9DC700AB4BF6 /* LoginViewController.swift */; };
		DF2AD2C41F8AA3CA00AB4BF6 /* InfoViewController.swift in Sources */ = {isa = PBXBuildFile; fileRef = DF2AD2C31F8AA3CA00AB4BF6 /* InfoViewController.swift */; };
		DF2AD2C61F8AA3E300AB4BF6 /* ProfileViewController.swift in Sources */ = {isa = PBXBuildFile; fileRef = DF2AD2C51F8AA3E300AB4BF6 /* ProfileViewController.swift */; };
		DF512E0A1FB556BD0066D42B /* User+CoreDataProperties.swift in Sources */ = {isa = PBXBuildFile; fileRef = DF512E091FB556BD0066D42B /* User+CoreDataProperties.swift */; };
		DF566EB41FB4C40A004FBBBD /* User+CoreDataClass.swift in Sources */ = {isa = PBXBuildFile; fileRef = DF566EB21FB4C40A004FBBBD /* User+CoreDataClass.swift */; };
		DF5A184D1F8A998600803F50 /* AppDelegate.swift in Sources */ = {isa = PBXBuildFile; fileRef = DF5A184C1F8A998600803F50 /* AppDelegate.swift */; };
		DF5A184F1F8A998600803F50 /* LiveFeedViewController.swift in Sources */ = {isa = PBXBuildFile; fileRef = DF5A184E1F8A998600803F50 /* LiveFeedViewController.swift */; };
		DF5A18511F8A998600803F50 /* ScheduleViewController.swift in Sources */ = {isa = PBXBuildFile; fileRef = DF5A18501F8A998600803F50 /* ScheduleViewController.swift */; };
		DF5A18541F8A998600803F50 /* Main.storyboard in Resources */ = {isa = PBXBuildFile; fileRef = DF5A18521F8A998600803F50 /* Main.storyboard */; };
		DF5A18561F8A998600803F50 /* Assets.xcassets in Resources */ = {isa = PBXBuildFile; fileRef = DF5A18551F8A998600803F50 /* Assets.xcassets */; };
		DF5A18591F8A998600803F50 /* LaunchScreen.storyboard in Resources */ = {isa = PBXBuildFile; fileRef = DF5A18571F8A998600803F50 /* LaunchScreen.storyboard */; };
		DF5A18641F8A998700803F50 /* HackFSUTests.swift in Sources */ = {isa = PBXBuildFile; fileRef = DF5A18631F8A998700803F50 /* HackFSUTests.swift */; };
		DF5A186F1F8A998700803F50 /* HackFSUUITests.swift in Sources */ = {isa = PBXBuildFile; fileRef = DF5A186E1F8A998700803F50 /* HackFSUUITests.swift */; };
		DF70128D1FA2B9730061C2B9 /* HackFSU.xcdatamodeld in Sources */ = {isa = PBXBuildFile; fileRef = DF70128B1FA2B9730061C2B9 /* HackFSU.xcdatamodeld */; };
		DF70F1552004FB5300EE255F /* ScheduleCustomCell.swift in Sources */ = {isa = PBXBuildFile; fileRef = DF70F1542004FB5300EE255F /* ScheduleCustomCell.swift */; };
		DFA85E9B1FA2E669003C4E20 /* API.swift in Sources */ = {isa = PBXBuildFile; fileRef = DFA85E9A1FA2E669003C4E20 /* API.swift */; };
/* End PBXBuildFile section */

/* Begin PBXContainerItemProxy section */
		B9A589712029120F000BF51A /* PBXContainerItemProxy */ = {
			isa = PBXContainerItemProxy;
			containerPortal = DF5A18411F8A998600803F50 /* Project object */;
			proxyType = 1;
			remoteGlobalIDString = B9A5896E2029120F000BF51A;
			remoteInfo = "HackFSUWatch Extension";
		};
		DF5A18601F8A998600803F50 /* PBXContainerItemProxy */ = {
			isa = PBXContainerItemProxy;
			containerPortal = DF5A18411F8A998600803F50 /* Project object */;
			proxyType = 1;
			remoteGlobalIDString = DF5A18481F8A998600803F50;
			remoteInfo = HackFSU;
		};
		DF5A186B1F8A998700803F50 /* PBXContainerItemProxy */ = {
			isa = PBXContainerItemProxy;
			containerPortal = DF5A18411F8A998600803F50 /* Project object */;
			proxyType = 1;
			remoteGlobalIDString = DF5A18481F8A998600803F50;
			remoteInfo = HackFSU;
		};
/* End PBXContainerItemProxy section */

/* Begin PBXCopyFilesBuildPhase section */
		B9A589862029120F000BF51A /* Embed App Extensions */ = {
			isa = PBXCopyFilesBuildPhase;
			buildActionMask = 2147483647;
			dstPath = "";
			dstSubfolderSpec = 13;
			files = (
				B9A589702029120F000BF51A /* HackFSUWatch Extension.appex in Embed App Extensions */,
			);
			name = "Embed App Extensions";
			runOnlyForDeploymentPostprocessing = 0;
		};
/* End PBXCopyFilesBuildPhase section */

/* Begin PBXFileReference section */
		5DFE20503AECE17FCC104065 /* Pods-HackFSU.release.xcconfig */ = {isa = PBXFileReference; includeInIndex = 1; lastKnownFileType = text.xcconfig; name = "Pods-HackFSU.release.xcconfig"; path = "Pods/Target Support Files/Pods-HackFSU/Pods-HackFSU.release.xcconfig"; sourceTree = "<group>"; };
		82C765DDB99166C1D4AA0065 /* Pods_HackFSUWatch.framework */ = {isa = PBXFileReference; explicitFileType = wrapper.framework; includeInIndex = 0; path = Pods_HackFSUWatch.framework; sourceTree = BUILT_PRODUCTS_DIR; };
		8869AA6F541FA6D71D6D689B /* Pods-HackFSU.debug.xcconfig */ = {isa = PBXFileReference; includeInIndex = 1; lastKnownFileType = text.xcconfig; name = "Pods-HackFSU.debug.xcconfig"; path = "Pods/Target Support Files/Pods-HackFSU/Pods-HackFSU.debug.xcconfig"; sourceTree = "<group>"; };
		B90B5A8A20157F7400811040 /* LiveFeedMainCell.swift */ = {isa = PBXFileReference; lastKnownFileType = sourcecode.swift; path = LiveFeedMainCell.swift; sourceTree = "<group>"; };
		B91491A12009BCAC006FD7DF /* FirstHackViewController.swift */ = {isa = PBXFileReference; fileEncoding = 4; lastKnownFileType = sourcecode.swift; path = FirstHackViewController.swift; sourceTree = "<group>"; };
		B91491A22009BCAC006FD7DF /* FinalRankingViewController.swift */ = {isa = PBXFileReference; fileEncoding = 4; lastKnownFileType = sourcecode.swift; path = FinalRankingViewController.swift; sourceTree = "<group>"; };
		B91491A32009BCAC006FD7DF /* SecondHackViewController.swift */ = {isa = PBXFileReference; fileEncoding = 4; lastKnownFileType = sourcecode.swift; path = SecondHackViewController.swift; sourceTree = "<group>"; };
		B91491A42009BCAC006FD7DF /* thirdHackViewController.swift */ = {isa = PBXFileReference; fileEncoding = 4; lastKnownFileType = sourcecode.swift; path = thirdHackViewController.swift; sourceTree = "<group>"; };
		B91491A92009BCB7006FD7DF /* superlativeTableViewCell.swift */ = {isa = PBXFileReference; fileEncoding = 4; lastKnownFileType = sourcecode.swift; path = superlativeTableViewCell.swift; sourceTree = "<group>"; };
		B91491AA2009BCB7006FD7DF /* InitialHackViewController.swift */ = {isa = PBXFileReference; fileEncoding = 4; lastKnownFileType = sourcecode.swift; path = InitialHackViewController.swift; sourceTree = "<group>"; };
		B91F44AF202226D500DCA395 /* ScannerViewController.swift */ = {isa = PBXFileReference; lastKnownFileType = sourcecode.swift; path = ScannerViewController.swift; sourceTree = "<group>"; };
		B945439320123141002F326B /* LiveFeedTableViewCell.swift */ = {isa = PBXFileReference; lastKnownFileType = sourcecode.swift; path = LiveFeedTableViewCell.swift; sourceTree = "<group>"; };
		B977B8ED20325D8A00271ADA /* PostAnnouncement.swift */ = {isa = PBXFileReference; lastKnownFileType = sourcecode.swift; name = PostAnnouncement.swift; path = "HackFSU/Backend Views/PostAnnouncement.swift"; sourceTree = SOURCE_ROOT; };
		B99698CF2023F8C5002A91B7 /* EventSelectionViewController.swift */ = {isa = PBXFileReference; lastKnownFileType = sourcecode.swift; path = EventSelectionViewController.swift; sourceTree = "<group>"; };
		B9A589632029120F000BF51A /* HackFSUWatch.app */ = {isa = PBXFileReference; explicitFileType = wrapper.application; includeInIndex = 0; path = HackFSUWatch.app; sourceTree = BUILT_PRODUCTS_DIR; };
		B9A5896F2029120F000BF51A /* HackFSUWatch Extension.appex */ = {isa = PBXFileReference; explicitFileType = "wrapper.app-extension"; includeInIndex = 0; path = "HackFSUWatch Extension.appex"; sourceTree = BUILT_PRODUCTS_DIR; };
		B9B4A75D20365FE500D79AAE /* tabBarVisualViewController.swift */ = {isa = PBXFileReference; lastKnownFileType = sourcecode.swift; path = tabBarVisualViewController.swift; sourceTree = "<group>"; };
		B9B6DF832022BDBF009D6009 /* adminPanelViewController.swift */ = {isa = PBXFileReference; lastKnownFileType = sourcecode.swift; path = adminPanelViewController.swift; sourceTree = "<group>"; };
		B9D84F0A20069C2D00556ABE /* NotificationAfterLoginViewController.swift */ = {isa = PBXFileReference; lastKnownFileType = sourcecode.swift; path = NotificationAfterLoginViewController.swift; sourceTree = "<group>"; };
		CCC35D8A4E9396569DA4F8E2 /* Pods_HackFSU.framework */ = {isa = PBXFileReference; explicitFileType = wrapper.framework; includeInIndex = 0; path = Pods_HackFSU.framework; sourceTree = BUILT_PRODUCTS_DIR; };
		DF00B44C204316B600C5F86A /* routes.swift */ = {isa = PBXFileReference; lastKnownFileType = sourcecode.swift; path = routes.swift; sourceTree = "<group>"; };
		DF1B33A2203E59AA0032B5BE /* HackFSU.entitlements */ = {isa = PBXFileReference; lastKnownFileType = text.plist.entitlements; path = HackFSU.entitlements; sourceTree = "<group>"; };
		DF21FEF71FA5132B00116A29 /* PersistenceService.swift */ = {isa = PBXFileReference; lastKnownFileType = sourcecode.swift; path = PersistenceService.swift; sourceTree = "<group>"; };
		DF2AD2C11F8A9DC700AB4BF6 /* LoginViewController.swift */ = {isa = PBXFileReference; lastKnownFileType = sourcecode.swift; path = LoginViewController.swift; sourceTree = "<group>"; };
		DF2AD2C31F8AA3CA00AB4BF6 /* InfoViewController.swift */ = {isa = PBXFileReference; lastKnownFileType = sourcecode.swift; path = InfoViewController.swift; sourceTree = "<group>"; };
		DF2AD2C51F8AA3E300AB4BF6 /* ProfileViewController.swift */ = {isa = PBXFileReference; lastKnownFileType = sourcecode.swift; path = ProfileViewController.swift; sourceTree = "<group>"; };
		DF512E091FB556BD0066D42B /* User+CoreDataProperties.swift */ = {isa = PBXFileReference; fileEncoding = 4; lastKnownFileType = sourcecode.swift; path = "User+CoreDataProperties.swift"; sourceTree = "<group>"; };
		DF566EB21FB4C40A004FBBBD /* User+CoreDataClass.swift */ = {isa = PBXFileReference; fileEncoding = 4; lastKnownFileType = sourcecode.swift; path = "User+CoreDataClass.swift"; sourceTree = "<group>"; };
		DF5A18491F8A998600803F50 /* HackFSU.app */ = {isa = PBXFileReference; explicitFileType = wrapper.application; includeInIndex = 0; path = HackFSU.app; sourceTree = BUILT_PRODUCTS_DIR; };
		DF5A184C1F8A998600803F50 /* AppDelegate.swift */ = {isa = PBXFileReference; lastKnownFileType = sourcecode.swift; path = AppDelegate.swift; sourceTree = "<group>"; };
		DF5A184E1F8A998600803F50 /* LiveFeedViewController.swift */ = {isa = PBXFileReference; lastKnownFileType = sourcecode.swift; path = LiveFeedViewController.swift; sourceTree = "<group>"; };
		DF5A18501F8A998600803F50 /* ScheduleViewController.swift */ = {isa = PBXFileReference; lastKnownFileType = sourcecode.swift; path = ScheduleViewController.swift; sourceTree = "<group>"; };
		DF5A18531F8A998600803F50 /* Base */ = {isa = PBXFileReference; lastKnownFileType = file.storyboard; name = Base; path = Base.lproj/Main.storyboard; sourceTree = "<group>"; };
		DF5A18551F8A998600803F50 /* Assets.xcassets */ = {isa = PBXFileReference; lastKnownFileType = folder.assetcatalog; path = Assets.xcassets; sourceTree = "<group>"; };
		DF5A18581F8A998600803F50 /* Base */ = {isa = PBXFileReference; lastKnownFileType = file.storyboard; name = Base; path = Base.lproj/LaunchScreen.storyboard; sourceTree = "<group>"; };
		DF5A185A1F8A998600803F50 /* Info.plist */ = {isa = PBXFileReference; lastKnownFileType = text.plist.xml; path = Info.plist; sourceTree = "<group>"; };
		DF5A185F1F8A998600803F50 /* HackFSUTests.xctest */ = {isa = PBXFileReference; explicitFileType = wrapper.cfbundle; includeInIndex = 0; path = HackFSUTests.xctest; sourceTree = BUILT_PRODUCTS_DIR; };
		DF5A18631F8A998700803F50 /* HackFSUTests.swift */ = {isa = PBXFileReference; lastKnownFileType = sourcecode.swift; path = HackFSUTests.swift; sourceTree = "<group>"; };
		DF5A18651F8A998700803F50 /* Info.plist */ = {isa = PBXFileReference; lastKnownFileType = text.plist.xml; path = Info.plist; sourceTree = "<group>"; };
		DF5A186A1F8A998700803F50 /* HackFSUUITests.xctest */ = {isa = PBXFileReference; explicitFileType = wrapper.cfbundle; includeInIndex = 0; path = HackFSUUITests.xctest; sourceTree = BUILT_PRODUCTS_DIR; };
		DF5A186E1F8A998700803F50 /* HackFSUUITests.swift */ = {isa = PBXFileReference; lastKnownFileType = sourcecode.swift; path = HackFSUUITests.swift; sourceTree = "<group>"; };
		DF5A18701F8A998700803F50 /* Info.plist */ = {isa = PBXFileReference; lastKnownFileType = text.plist.xml; path = Info.plist; sourceTree = "<group>"; };
		DF70128C1FA2B9730061C2B9 /* HackFSU.xcdatamodel */ = {isa = PBXFileReference; lastKnownFileType = wrapper.xcdatamodel; path = HackFSU.xcdatamodel; sourceTree = "<group>"; };
		DF70F1542004FB5300EE255F /* ScheduleCustomCell.swift */ = {isa = PBXFileReference; fileEncoding = 4; lastKnownFileType = sourcecode.swift; path = ScheduleCustomCell.swift; sourceTree = "<group>"; };
		DFA85E9A1FA2E669003C4E20 /* API.swift */ = {isa = PBXFileReference; lastKnownFileType = sourcecode.swift; path = API.swift; sourceTree = "<group>"; };
/* End PBXFileReference section */

/* Begin PBXFrameworksBuildPhase section */
		B9A5896C2029120F000BF51A /* Frameworks */ = {
			isa = PBXFrameworksBuildPhase;
			buildActionMask = 2147483647;
			files = (
			);
			runOnlyForDeploymentPostprocessing = 0;
		};
		C1C76FCD66EF461384321C5B /* Frameworks */ = {
			isa = PBXFrameworksBuildPhase;
			buildActionMask = 2147483647;
			files = (
			);
			runOnlyForDeploymentPostprocessing = 0;
		};
		DF5A18461F8A998600803F50 /* Frameworks */ = {
			isa = PBXFrameworksBuildPhase;
			buildActionMask = 2147483647;
			files = (
				842A6C72D8B87F13957D392B /* Pods_HackFSU.framework in Frameworks */,
			);
			runOnlyForDeploymentPostprocessing = 0;
		};
		DF5A185C1F8A998600803F50 /* Frameworks */ = {
			isa = PBXFrameworksBuildPhase;
			buildActionMask = 2147483647;
			files = (
			);
			runOnlyForDeploymentPostprocessing = 0;
		};
		DF5A18671F8A998700803F50 /* Frameworks */ = {
			isa = PBXFrameworksBuildPhase;
			buildActionMask = 2147483647;
			files = (
			);
			runOnlyForDeploymentPostprocessing = 0;
		};
/* End PBXFrameworksBuildPhase section */

/* Begin PBXGroup section */
		B99698D120240377002A91B7 /* Main Views */ = {
			isa = PBXGroup;
			children = (
				DF00B44C204316B600C5F86A /* routes.swift */,
				DF5A184C1F8A998600803F50 /* AppDelegate.swift */,
				B9B4A75D20365FE500D79AAE /* tabBarVisualViewController.swift */,
				DF5A184E1F8A998600803F50 /* LiveFeedViewController.swift */,
				DF2AD2C51F8AA3E300AB4BF6 /* ProfileViewController.swift */,
				DF5A18501F8A998600803F50 /* ScheduleViewController.swift */,
				DF2AD2C31F8AA3CA00AB4BF6 /* InfoViewController.swift */,
				DF2AD2C11F8A9DC700AB4BF6 /* LoginViewController.swift */,
			);
			path = "Main Views";
			sourceTree = "<group>";
		};
		B99698D220240416002A91B7 /* Helper and Custom Cell Files */ = {
			isa = PBXGroup;
			children = (
				DF70128B1FA2B9730061C2B9 /* HackFSU.xcdatamodeld */,
				DF566EB21FB4C40A004FBBBD /* User+CoreDataClass.swift */,
				DF512E091FB556BD0066D42B /* User+CoreDataProperties.swift */,
				DFA85E9A1FA2E669003C4E20 /* API.swift */,
				DF21FEF71FA5132B00116A29 /* PersistenceService.swift */,
				B90B5A8A20157F7400811040 /* LiveFeedMainCell.swift */,
				B945439320123141002F326B /* LiveFeedTableViewCell.swift */,
				DF70F1542004FB5300EE255F /* ScheduleCustomCell.swift */,
			);
			path = "Helper and Custom Cell Files";
			sourceTree = "<group>";
		};
		B99698D320240440002A91B7 /* Backend Views */ = {
			isa = PBXGroup;
			children = (
				B977B8ED20325D8A00271ADA /* PostAnnouncement.swift */,
				B9B6DF832022BDBF009D6009 /* adminPanelViewController.swift */,
				B99698CF2023F8C5002A91B7 /* EventSelectionViewController.swift */,
				B9D84F0A20069C2D00556ABE /* NotificationAfterLoginViewController.swift */,
				B91F44AF202226D500DCA395 /* ScannerViewController.swift */,
			);
			path = "Backend Views";
			sourceTree = "<group>";
		};
		B99698D420240475002A91B7 /* Storyboards */ = {
			isa = PBXGroup;
			children = (
				DF5A18521F8A998600803F50 /* Main.storyboard */,
				DF5A18571F8A998600803F50 /* LaunchScreen.storyboard */,
			);
			path = Storyboards;
			sourceTree = "<group>";
		};
		D43F31F55B93B9D9974D28CD /* Pods */ = {
			isa = PBXGroup;
			children = (
				8869AA6F541FA6D71D6D689B /* Pods-HackFSU.debug.xcconfig */,
				5DFE20503AECE17FCC104065 /* Pods-HackFSU.release.xcconfig */,
			);
			name = Pods;
			sourceTree = "<group>";
		};
		DF5A18401F8A998600803F50 = {
			isa = PBXGroup;
			children = (
				DF5A184B1F8A998600803F50 /* HackFSU */,
				DF5A18621F8A998700803F50 /* HackFSUTests */,
				DF5A186D1F8A998700803F50 /* HackFSUUITests */,
				DF5A184A1F8A998600803F50 /* Products */,
				D43F31F55B93B9D9974D28CD /* Pods */,
				EB6577161CB0C212598C3E8A /* Frameworks */,
			);
			sourceTree = "<group>";
		};
		DF5A184A1F8A998600803F50 /* Products */ = {
			isa = PBXGroup;
			children = (
				DF5A18491F8A998600803F50 /* HackFSU.app */,
				DF5A185F1F8A998600803F50 /* HackFSUTests.xctest */,
				DF5A186A1F8A998700803F50 /* HackFSUUITests.xctest */,
				B9A589632029120F000BF51A /* HackFSUWatch.app */,
				B9A5896F2029120F000BF51A /* HackFSUWatch Extension.appex */,
			);
			name = Products;
			sourceTree = "<group>";
		};
		DF5A184B1F8A998600803F50 /* HackFSU */ = {
			isa = PBXGroup;
			children = (
				DF1B33A2203E59AA0032B5BE /* HackFSU.entitlements */,
				B99698D120240377002A91B7 /* Main Views */,
				B99698D320240440002A91B7 /* Backend Views */,
				DF97420D1FC4BA6B00EFEB50 /* Judging */,
				B99698D420240475002A91B7 /* Storyboards */,
				B99698D220240416002A91B7 /* Helper and Custom Cell Files */,
				DF5A18551F8A998600803F50 /* Assets.xcassets */,
				DF5A185A1F8A998600803F50 /* Info.plist */,
			);
			path = HackFSU;
			sourceTree = "<group>";
		};
		DF5A18621F8A998700803F50 /* HackFSUTests */ = {
			isa = PBXGroup;
			children = (
				DF5A18631F8A998700803F50 /* HackFSUTests.swift */,
				DF5A18651F8A998700803F50 /* Info.plist */,
			);
			path = HackFSUTests;
			sourceTree = "<group>";
		};
		DF5A186D1F8A998700803F50 /* HackFSUUITests */ = {
			isa = PBXGroup;
			children = (
				DF5A186E1F8A998700803F50 /* HackFSUUITests.swift */,
				DF5A18701F8A998700803F50 /* Info.plist */,
			);
			path = HackFSUUITests;
			sourceTree = "<group>";
		};
		DF97420D1FC4BA6B00EFEB50 /* Judging */ = {
			isa = PBXGroup;
			children = (
				B91491A22009BCAC006FD7DF /* FinalRankingViewController.swift */,
				B91491A32009BCAC006FD7DF /* SecondHackViewController.swift */,
				B91491A12009BCAC006FD7DF /* FirstHackViewController.swift */,
				B91491A42009BCAC006FD7DF /* thirdHackViewController.swift */,
				B91491AA2009BCB7006FD7DF /* InitialHackViewController.swift */,
				B91491A92009BCB7006FD7DF /* superlativeTableViewCell.swift */,
			);
			path = Judging;
			sourceTree = "<group>";
		};
		EB6577161CB0C212598C3E8A /* Frameworks */ = {
			isa = PBXGroup;
			children = (
				CCC35D8A4E9396569DA4F8E2 /* Pods_HackFSU.framework */,
				82C765DDB99166C1D4AA0065 /* Pods_HackFSUWatch.framework */,
			);
			name = Frameworks;
			sourceTree = "<group>";
		};
/* End PBXGroup section */

/* Begin PBXNativeTarget section */
		B9A589622029120F000BF51A /* HackFSUWatch */ = {
			isa = PBXNativeTarget;
			buildConfigurationList = B9A589872029120F000BF51A /* Build configuration list for PBXNativeTarget "HackFSUWatch" */;
			buildPhases = (
				B9A589612029120F000BF51A /* Resources */,
				B9A589862029120F000BF51A /* Embed App Extensions */,
				C1C76FCD66EF461384321C5B /* Frameworks */,
			);
			buildRules = (
			);
			dependencies = (
				B9A589722029120F000BF51A /* PBXTargetDependency */,
			);
			name = HackFSUWatch;
			productName = HackFSUWatch;
			productReference = B9A589632029120F000BF51A /* HackFSUWatch.app */;
			productType = "com.apple.product-type.application.watchapp2";
		};
		B9A5896E2029120F000BF51A /* HackFSUWatch Extension */ = {
			isa = PBXNativeTarget;
			buildConfigurationList = B9A589852029120F000BF51A /* Build configuration list for PBXNativeTarget "HackFSUWatch Extension" */;
			buildPhases = (
				B9A5896B2029120F000BF51A /* Sources */,
				B9A5896C2029120F000BF51A /* Frameworks */,
				B9A5896D2029120F000BF51A /* Resources */,
			);
			buildRules = (
			);
			dependencies = (
			);
			name = "HackFSUWatch Extension";
			productName = "HackFSUWatch Extension";
			productReference = B9A5896F2029120F000BF51A /* HackFSUWatch Extension.appex */;
			productType = "com.apple.product-type.watchkit2-extension";
		};
		DF5A18481F8A998600803F50 /* HackFSU */ = {
			isa = PBXNativeTarget;
			buildConfigurationList = DF5A18731F8A998700803F50 /* Build configuration list for PBXNativeTarget "HackFSU" */;
			buildPhases = (
				BD61FEBC7036FF61DBEA8163 /* [CP] Check Pods Manifest.lock */,
				DF5A18451F8A998600803F50 /* Sources */,
				DF5A18461F8A998600803F50 /* Frameworks */,
				DF5A18471F8A998600803F50 /* Resources */,
				61B1479168B75CD311CC9526 /* [CP] Embed Pods Frameworks */,
				834E78EEE65E982670E92B9F /* [CP] Copy Pods Resources */,
			);
			buildRules = (
			);
			dependencies = (
			);
			name = HackFSU;
			productName = HackFSU;
			productReference = DF5A18491F8A998600803F50 /* HackFSU.app */;
			productType = "com.apple.product-type.application";
		};
		DF5A185E1F8A998600803F50 /* HackFSUTests */ = {
			isa = PBXNativeTarget;
			buildConfigurationList = DF5A18761F8A998700803F50 /* Build configuration list for PBXNativeTarget "HackFSUTests" */;
			buildPhases = (
				DF5A185B1F8A998600803F50 /* Sources */,
				DF5A185C1F8A998600803F50 /* Frameworks */,
				DF5A185D1F8A998600803F50 /* Resources */,
			);
			buildRules = (
			);
			dependencies = (
				DF5A18611F8A998600803F50 /* PBXTargetDependency */,
			);
			name = HackFSUTests;
			productName = HackFSUTests;
			productReference = DF5A185F1F8A998600803F50 /* HackFSUTests.xctest */;
			productType = "com.apple.product-type.bundle.unit-test";
		};
		DF5A18691F8A998700803F50 /* HackFSUUITests */ = {
			isa = PBXNativeTarget;
			buildConfigurationList = DF5A18791F8A998700803F50 /* Build configuration list for PBXNativeTarget "HackFSUUITests" */;
			buildPhases = (
				DF5A18661F8A998700803F50 /* Sources */,
				DF5A18671F8A998700803F50 /* Frameworks */,
				DF5A18681F8A998700803F50 /* Resources */,
			);
			buildRules = (
			);
			dependencies = (
				DF5A186C1F8A998700803F50 /* PBXTargetDependency */,
			);
			name = HackFSUUITests;
			productName = HackFSUUITests;
			productReference = DF5A186A1F8A998700803F50 /* HackFSUUITests.xctest */;
			productType = "com.apple.product-type.bundle.ui-testing";
		};
/* End PBXNativeTarget section */

/* Begin PBXProject section */
		DF5A18411F8A998600803F50 /* Project object */ = {
			isa = PBXProject;
			attributes = {
				LastSwiftUpdateCheck = 0920;
				LastUpgradeCheck = 0900;
				ORGANIZATIONNAME = HackFSU;
				TargetAttributes = {
					B9A589622029120F000BF51A = {
						CreatedOnToolsVersion = 9.2;
						ProvisioningStyle = Automatic;
					};
					B9A5896E2029120F000BF51A = {
						CreatedOnToolsVersion = 9.2;
						ProvisioningStyle = Automatic;
					};
					DF5A18481F8A998600803F50 = {
						CreatedOnToolsVersion = 9.0;
						ProvisioningStyle = Automatic;
						SystemCapabilities = {
							com.apple.Push = {
								enabled = 1;
							};
						};
					};
					DF5A185E1F8A998600803F50 = {
						CreatedOnToolsVersion = 9.0;
						ProvisioningStyle = Automatic;
						TestTargetID = DF5A18481F8A998600803F50;
					};
					DF5A18691F8A998700803F50 = {
						CreatedOnToolsVersion = 9.0;
						ProvisioningStyle = Automatic;
						TestTargetID = DF5A18481F8A998600803F50;
					};
				};
			};
			buildConfigurationList = DF5A18441F8A998600803F50 /* Build configuration list for PBXProject "HackFSU" */;
			compatibilityVersion = "Xcode 8.0";
			developmentRegion = en;
			hasScannedForEncodings = 0;
			knownRegions = (
				en,
				Base,
			);
			mainGroup = DF5A18401F8A998600803F50;
			productRefGroup = DF5A184A1F8A998600803F50 /* Products */;
			projectDirPath = "";
			projectRoot = "";
			targets = (
				DF5A18481F8A998600803F50 /* HackFSU */,
				DF5A185E1F8A998600803F50 /* HackFSUTests */,
				DF5A18691F8A998700803F50 /* HackFSUUITests */,
				B9A589622029120F000BF51A /* HackFSUWatch */,
				B9A5896E2029120F000BF51A /* HackFSUWatch Extension */,
			);
		};
/* End PBXProject section */

/* Begin PBXResourcesBuildPhase section */
		B9A589612029120F000BF51A /* Resources */ = {
			isa = PBXResourcesBuildPhase;
			buildActionMask = 2147483647;
			files = (
			);
			runOnlyForDeploymentPostprocessing = 0;
		};
		B9A5896D2029120F000BF51A /* Resources */ = {
			isa = PBXResourcesBuildPhase;
			buildActionMask = 2147483647;
			files = (
			);
			runOnlyForDeploymentPostprocessing = 0;
		};
		DF5A18471F8A998600803F50 /* Resources */ = {
			isa = PBXResourcesBuildPhase;
			buildActionMask = 2147483647;
			files = (
				DF5A18591F8A998600803F50 /* LaunchScreen.storyboard in Resources */,
				DF5A18561F8A998600803F50 /* Assets.xcassets in Resources */,
				DF5A18541F8A998600803F50 /* Main.storyboard in Resources */,
			);
			runOnlyForDeploymentPostprocessing = 0;
		};
		DF5A185D1F8A998600803F50 /* Resources */ = {
			isa = PBXResourcesBuildPhase;
			buildActionMask = 2147483647;
			files = (
			);
			runOnlyForDeploymentPostprocessing = 0;
		};
		DF5A18681F8A998700803F50 /* Resources */ = {
			isa = PBXResourcesBuildPhase;
			buildActionMask = 2147483647;
			files = (
			);
			runOnlyForDeploymentPostprocessing = 0;
		};
/* End PBXResourcesBuildPhase section */

/* Begin PBXShellScriptBuildPhase section */
		61B1479168B75CD311CC9526 /* [CP] Embed Pods Frameworks */ = {
			isa = PBXShellScriptBuildPhase;
			buildActionMask = 2147483647;
			files = (
			);
			inputPaths = (
				"${SRCROOT}/Pods/Target Support Files/Pods-HackFSU/Pods-HackFSU-frameworks.sh",
				"${BUILT_PRODUCTS_DIR}/Alamofire/Alamofire.framework",
				"${BUILT_PRODUCTS_DIR}/Reachability/Reachability.framework",
				"${BUILT_PRODUCTS_DIR}/SwiftyJSON/SwiftyJSON.framework",
			);
			name = "[CP] Embed Pods Frameworks";
			outputPaths = (
				"${TARGET_BUILD_DIR}/${FRAMEWORKS_FOLDER_PATH}/Alamofire.framework",
				"${TARGET_BUILD_DIR}/${FRAMEWORKS_FOLDER_PATH}/Reachability.framework",
				"${TARGET_BUILD_DIR}/${FRAMEWORKS_FOLDER_PATH}/SwiftyJSON.framework",
			);
			runOnlyForDeploymentPostprocessing = 0;
			shellPath = /bin/sh;
			shellScript = "\"${SRCROOT}/Pods/Target Support Files/Pods-HackFSU/Pods-HackFSU-frameworks.sh\"\n";
			showEnvVarsInLog = 0;
		};
		834E78EEE65E982670E92B9F /* [CP] Copy Pods Resources */ = {
			isa = PBXShellScriptBuildPhase;
			buildActionMask = 2147483647;
			files = (
			);
			inputPaths = (
			);
			name = "[CP] Copy Pods Resources";
			outputPaths = (
			);
			runOnlyForDeploymentPostprocessing = 0;
			shellPath = /bin/sh;
			shellScript = "\"${SRCROOT}/Pods/Target Support Files/Pods-HackFSU/Pods-HackFSU-resources.sh\"\n";
			showEnvVarsInLog = 0;
		};
		BD61FEBC7036FF61DBEA8163 /* [CP] Check Pods Manifest.lock */ = {
			isa = PBXShellScriptBuildPhase;
			buildActionMask = 2147483647;
			files = (
			);
			inputPaths = (
				"${PODS_PODFILE_DIR_PATH}/Podfile.lock",
				"${PODS_ROOT}/Manifest.lock",
			);
			name = "[CP] Check Pods Manifest.lock";
			outputPaths = (
				"$(DERIVED_FILE_DIR)/Pods-HackFSU-checkManifestLockResult.txt",
			);
			runOnlyForDeploymentPostprocessing = 0;
			shellPath = /bin/sh;
			shellScript = "diff \"${PODS_PODFILE_DIR_PATH}/Podfile.lock\" \"${PODS_ROOT}/Manifest.lock\" > /dev/null\nif [ $? != 0 ] ; then\n    # print error to STDERR\n    echo \"error: The sandbox is not in sync with the Podfile.lock. Run 'pod install' or update your CocoaPods installation.\" >&2\n    exit 1\nfi\n# This output is used by Xcode 'outputs' to avoid re-running this script phase.\necho \"SUCCESS\" > \"${SCRIPT_OUTPUT_FILE_0}\"\n";
			showEnvVarsInLog = 0;
		};
/* End PBXShellScriptBuildPhase section */

/* Begin PBXSourcesBuildPhase section */
		B9A5896B2029120F000BF51A /* Sources */ = {
			isa = PBXSourcesBuildPhase;
			buildActionMask = 2147483647;
			files = (
			);
			runOnlyForDeploymentPostprocessing = 0;
		};
		DF5A18451F8A998600803F50 /* Sources */ = {
			isa = PBXSourcesBuildPhase;
			buildActionMask = 2147483647;
			files = (
				DF2AD2C61F8AA3E300AB4BF6 /* ProfileViewController.swift in Sources */,
				B91491A62009BCAD006FD7DF /* FinalRankingViewController.swift in Sources */,
				DF70128D1FA2B9730061C2B9 /* HackFSU.xcdatamodeld in Sources */,
				DF512E0A1FB556BD0066D42B /* User+CoreDataProperties.swift in Sources */,
				B91491AB2009BCB7006FD7DF /* superlativeTableViewCell.swift in Sources */,
				DF70F1552004FB5300EE255F /* ScheduleCustomCell.swift in Sources */,
				DF2AD2C21F8A9DC700AB4BF6 /* LoginViewController.swift in Sources */,
				B91491A82009BCAD006FD7DF /* thirdHackViewController.swift in Sources */,
				B9D84F0B20069C2D00556ABE /* NotificationAfterLoginViewController.swift in Sources */,
				B91491A52009BCAD006FD7DF /* FirstHackViewController.swift in Sources */,
				B90B5A8B20157F7400811040 /* LiveFeedMainCell.swift in Sources */,
				DF5A18511F8A998600803F50 /* ScheduleViewController.swift in Sources */,
				DF5A184D1F8A998600803F50 /* AppDelegate.swift in Sources */,
				B91491A72009BCAD006FD7DF /* SecondHackViewController.swift in Sources */,
				B945439420123141002F326B /* LiveFeedTableViewCell.swift in Sources */,
				DF5A184F1F8A998600803F50 /* LiveFeedViewController.swift in Sources */,
				DFA85E9B1FA2E669003C4E20 /* API.swift in Sources */,
				DF00B44D204316B600C5F86A /* routes.swift in Sources */,
				DF21FEF81FA5132B00116A29 /* PersistenceService.swift in Sources */,
				B91491AC2009BCB7006FD7DF /* InitialHackViewController.swift in Sources */,
				B9B6DF842022BDBF009D6009 /* adminPanelViewController.swift in Sources */,
				B9B4A75E20365FE500D79AAE /* tabBarVisualViewController.swift in Sources */,
				B99698D02023F8C5002A91B7 /* EventSelectionViewController.swift in Sources */,
				DF566EB41FB4C40A004FBBBD /* User+CoreDataClass.swift in Sources */,
				B977B8EE20325D8A00271ADA /* PostAnnouncement.swift in Sources */,
				DF2AD2C41F8AA3CA00AB4BF6 /* InfoViewController.swift in Sources */,
				B91F44B0202226D500DCA395 /* ScannerViewController.swift in Sources */,
			);
			runOnlyForDeploymentPostprocessing = 0;
		};
		DF5A185B1F8A998600803F50 /* Sources */ = {
			isa = PBXSourcesBuildPhase;
			buildActionMask = 2147483647;
			files = (
				DF5A18641F8A998700803F50 /* HackFSUTests.swift in Sources */,
			);
			runOnlyForDeploymentPostprocessing = 0;
		};
		DF5A18661F8A998700803F50 /* Sources */ = {
			isa = PBXSourcesBuildPhase;
			buildActionMask = 2147483647;
			files = (
				DF5A186F1F8A998700803F50 /* HackFSUUITests.swift in Sources */,
			);
			runOnlyForDeploymentPostprocessing = 0;
		};
/* End PBXSourcesBuildPhase section */

/* Begin PBXTargetDependency section */
		B9A589722029120F000BF51A /* PBXTargetDependency */ = {
			isa = PBXTargetDependency;
			target = B9A5896E2029120F000BF51A /* HackFSUWatch Extension */;
			targetProxy = B9A589712029120F000BF51A /* PBXContainerItemProxy */;
		};
		DF5A18611F8A998600803F50 /* PBXTargetDependency */ = {
			isa = PBXTargetDependency;
			target = DF5A18481F8A998600803F50 /* HackFSU */;
			targetProxy = DF5A18601F8A998600803F50 /* PBXContainerItemProxy */;
		};
		DF5A186C1F8A998700803F50 /* PBXTargetDependency */ = {
			isa = PBXTargetDependency;
			target = DF5A18481F8A998600803F50 /* HackFSU */;
			targetProxy = DF5A186B1F8A998700803F50 /* PBXContainerItemProxy */;
		};
/* End PBXTargetDependency section */

/* Begin PBXVariantGroup section */
		DF5A18521F8A998600803F50 /* Main.storyboard */ = {
			isa = PBXVariantGroup;
			children = (
				DF5A18531F8A998600803F50 /* Base */,
			);
			name = Main.storyboard;
			sourceTree = "<group>";
		};
		DF5A18571F8A998600803F50 /* LaunchScreen.storyboard */ = {
			isa = PBXVariantGroup;
			children = (
				DF5A18581F8A998600803F50 /* Base */,
			);
			name = LaunchScreen.storyboard;
			sourceTree = "<group>";
		};
/* End PBXVariantGroup section */

/* Begin XCBuildConfiguration section */
		B9A589812029120F000BF51A /* Debug */ = {
			isa = XCBuildConfiguration;
			buildSettings = {
				ASSETCATALOG_COMPILER_APPICON_NAME = AppIcon;
				CODE_SIGN_STYLE = Automatic;
				DEVELOPMENT_TEAM = QS56B24SK6;
				IBSC_MODULE = HackFSUWatch_Extension;
				INFOPLIST_FILE = HackFSUWatch/Info.plist;
				PRODUCT_BUNDLE_IDENTIFIER = com.ibarraandres.watchkitapp;
				PRODUCT_NAME = "$(TARGET_NAME)";
				SDKROOT = watchos;
				SKIP_INSTALL = YES;
				SWIFT_VERSION = 4.0;
				TARGETED_DEVICE_FAMILY = 4;
				WATCHOS_DEPLOYMENT_TARGET = 4.2;
			};
			name = Debug;
		};
		B9A589822029120F000BF51A /* Release */ = {
			isa = XCBuildConfiguration;
			buildSettings = {
				ASSETCATALOG_COMPILER_APPICON_NAME = AppIcon;
				CODE_SIGN_STYLE = Automatic;
				DEVELOPMENT_TEAM = QS56B24SK6;
				IBSC_MODULE = HackFSUWatch_Extension;
				INFOPLIST_FILE = HackFSUWatch/Info.plist;
				PRODUCT_BUNDLE_IDENTIFIER = com.ibarraandres.watchkitapp;
				PRODUCT_NAME = "$(TARGET_NAME)";
				SDKROOT = watchos;
				SKIP_INSTALL = YES;
				SWIFT_VERSION = 4.0;
				TARGETED_DEVICE_FAMILY = 4;
				WATCHOS_DEPLOYMENT_TARGET = 4.2;
			};
			name = Release;
		};
		B9A589832029120F000BF51A /* Debug */ = {
			isa = XCBuildConfiguration;
			buildSettings = {
				ASSETCATALOG_COMPILER_COMPLICATION_NAME = Complication;
				CODE_SIGN_STYLE = Automatic;
				DEVELOPMENT_TEAM = QS56B24SK6;
				INFOPLIST_FILE = "HackFSUWatch Extension/Info.plist";
				LD_RUNPATH_SEARCH_PATHS = "$(inherited) @executable_path/Frameworks @executable_path/../../Frameworks";
				PRODUCT_BUNDLE_IDENTIFIER = com.ibarraandres.watchkitapp.watchkitextension;
				PRODUCT_NAME = "${TARGET_NAME}";
				SDKROOT = watchos;
				SKIP_INSTALL = YES;
				SWIFT_VERSION = 4.0;
				TARGETED_DEVICE_FAMILY = 4;
				WATCHOS_DEPLOYMENT_TARGET = 4.2;
			};
			name = Debug;
		};
		B9A589842029120F000BF51A /* Release */ = {
			isa = XCBuildConfiguration;
			buildSettings = {
				ASSETCATALOG_COMPILER_COMPLICATION_NAME = Complication;
				CODE_SIGN_STYLE = Automatic;
				DEVELOPMENT_TEAM = QS56B24SK6;
				INFOPLIST_FILE = "HackFSUWatch Extension/Info.plist";
				LD_RUNPATH_SEARCH_PATHS = "$(inherited) @executable_path/Frameworks @executable_path/../../Frameworks";
				PRODUCT_BUNDLE_IDENTIFIER = com.ibarraandres.watchkitapp.watchkitextension;
				PRODUCT_NAME = "${TARGET_NAME}";
				SDKROOT = watchos;
				SKIP_INSTALL = YES;
				SWIFT_VERSION = 4.0;
				TARGETED_DEVICE_FAMILY = 4;
				WATCHOS_DEPLOYMENT_TARGET = 4.2;
			};
			name = Release;
		};
		DF5A18711F8A998700803F50 /* Debug */ = {
			isa = XCBuildConfiguration;
			buildSettings = {
				ALWAYS_SEARCH_USER_PATHS = NO;
				CLANG_ANALYZER_NONNULL = YES;
				CLANG_ANALYZER_NUMBER_OBJECT_CONVERSION = YES_AGGRESSIVE;
				CLANG_CXX_LANGUAGE_STANDARD = "gnu++14";
				CLANG_CXX_LIBRARY = "libc++";
				CLANG_ENABLE_MODULES = YES;
				CLANG_ENABLE_OBJC_ARC = YES;
				CLANG_WARN_BLOCK_CAPTURE_AUTORELEASING = YES;
				CLANG_WARN_BOOL_CONVERSION = YES;
				CLANG_WARN_COMMA = YES;
				CLANG_WARN_CONSTANT_CONVERSION = YES;
				CLANG_WARN_DIRECT_OBJC_ISA_USAGE = YES_ERROR;
				CLANG_WARN_DOCUMENTATION_COMMENTS = YES;
				CLANG_WARN_EMPTY_BODY = YES;
				CLANG_WARN_ENUM_CONVERSION = YES;
				CLANG_WARN_INFINITE_RECURSION = YES;
				CLANG_WARN_INT_CONVERSION = YES;
				CLANG_WARN_NON_LITERAL_NULL_CONVERSION = YES;
				CLANG_WARN_OBJC_LITERAL_CONVERSION = YES;
				CLANG_WARN_OBJC_ROOT_CLASS = YES_ERROR;
				CLANG_WARN_RANGE_LOOP_ANALYSIS = YES;
				CLANG_WARN_STRICT_PROTOTYPES = YES;
				CLANG_WARN_SUSPICIOUS_MOVE = YES;
				CLANG_WARN_UNGUARDED_AVAILABILITY = YES_AGGRESSIVE;
				CLANG_WARN_UNREACHABLE_CODE = YES;
				CLANG_WARN__DUPLICATE_METHOD_MATCH = YES;
				CODE_SIGN_IDENTITY = "iPhone Developer";
				COPY_PHASE_STRIP = NO;
				DEBUG_INFORMATION_FORMAT = dwarf;
				ENABLE_STRICT_OBJC_MSGSEND = YES;
				ENABLE_TESTABILITY = YES;
				GCC_C_LANGUAGE_STANDARD = gnu11;
				GCC_DYNAMIC_NO_PIC = NO;
				GCC_NO_COMMON_BLOCKS = YES;
				GCC_OPTIMIZATION_LEVEL = 0;
				GCC_PREPROCESSOR_DEFINITIONS = (
					"DEBUG=1",
					"$(inherited)",
				);
				GCC_WARN_64_TO_32_BIT_CONVERSION = YES;
				GCC_WARN_ABOUT_RETURN_TYPE = YES_ERROR;
				GCC_WARN_UNDECLARED_SELECTOR = YES;
				GCC_WARN_UNINITIALIZED_AUTOS = YES_AGGRESSIVE;
				GCC_WARN_UNUSED_FUNCTION = YES;
				GCC_WARN_UNUSED_VARIABLE = YES;
				IPHONEOS_DEPLOYMENT_TARGET = 11.0;
				MTL_ENABLE_DEBUG_INFO = YES;
				ONLY_ACTIVE_ARCH = YES;
				SDKROOT = iphoneos;
				SWIFT_ACTIVE_COMPILATION_CONDITIONS = DEBUG;
				SWIFT_OPTIMIZATION_LEVEL = "-Onone";
			};
			name = Debug;
		};
		DF5A18721F8A998700803F50 /* Release */ = {
			isa = XCBuildConfiguration;
			buildSettings = {
				ALWAYS_SEARCH_USER_PATHS = NO;
				CLANG_ANALYZER_NONNULL = YES;
				CLANG_ANALYZER_NUMBER_OBJECT_CONVERSION = YES_AGGRESSIVE;
				CLANG_CXX_LANGUAGE_STANDARD = "gnu++14";
				CLANG_CXX_LIBRARY = "libc++";
				CLANG_ENABLE_MODULES = YES;
				CLANG_ENABLE_OBJC_ARC = YES;
				CLANG_WARN_BLOCK_CAPTURE_AUTORELEASING = YES;
				CLANG_WARN_BOOL_CONVERSION = YES;
				CLANG_WARN_COMMA = YES;
				CLANG_WARN_CONSTANT_CONVERSION = YES;
				CLANG_WARN_DIRECT_OBJC_ISA_USAGE = YES_ERROR;
				CLANG_WARN_DOCUMENTATION_COMMENTS = YES;
				CLANG_WARN_EMPTY_BODY = YES;
				CLANG_WARN_ENUM_CONVERSION = YES;
				CLANG_WARN_INFINITE_RECURSION = YES;
				CLANG_WARN_INT_CONVERSION = YES;
				CLANG_WARN_NON_LITERAL_NULL_CONVERSION = YES;
				CLANG_WARN_OBJC_LITERAL_CONVERSION = YES;
				CLANG_WARN_OBJC_ROOT_CLASS = YES_ERROR;
				CLANG_WARN_RANGE_LOOP_ANALYSIS = YES;
				CLANG_WARN_STRICT_PROTOTYPES = YES;
				CLANG_WARN_SUSPICIOUS_MOVE = YES;
				CLANG_WARN_UNGUARDED_AVAILABILITY = YES_AGGRESSIVE;
				CLANG_WARN_UNREACHABLE_CODE = YES;
				CLANG_WARN__DUPLICATE_METHOD_MATCH = YES;
				CODE_SIGN_IDENTITY = "iPhone Developer";
				COPY_PHASE_STRIP = NO;
				DEBUG_INFORMATION_FORMAT = "dwarf-with-dsym";
				ENABLE_NS_ASSERTIONS = NO;
				ENABLE_STRICT_OBJC_MSGSEND = YES;
				GCC_C_LANGUAGE_STANDARD = gnu11;
				GCC_NO_COMMON_BLOCKS = YES;
				GCC_WARN_64_TO_32_BIT_CONVERSION = YES;
				GCC_WARN_ABOUT_RETURN_TYPE = YES_ERROR;
				GCC_WARN_UNDECLARED_SELECTOR = YES;
				GCC_WARN_UNINITIALIZED_AUTOS = YES_AGGRESSIVE;
				GCC_WARN_UNUSED_FUNCTION = YES;
				GCC_WARN_UNUSED_VARIABLE = YES;
				IPHONEOS_DEPLOYMENT_TARGET = 11.0;
				MTL_ENABLE_DEBUG_INFO = NO;
				SDKROOT = iphoneos;
				SWIFT_OPTIMIZATION_LEVEL = "-Owholemodule";
				VALIDATE_PRODUCT = YES;
			};
			name = Release;
		};
		DF5A18741F8A998700803F50 /* Debug */ = {
			isa = XCBuildConfiguration;
			baseConfigurationReference = 8869AA6F541FA6D71D6D689B /* Pods-HackFSU.debug.xcconfig */;
			buildSettings = {
				ASSETCATALOG_COMPILER_APPICON_NAME = AppIcon;
				CODE_SIGN_ENTITLEMENTS = HackFSU/HackFSU.entitlements;
				CODE_SIGN_STYLE = Automatic;
				DEVELOPMENT_TEAM = NE788D48N6;
				INFOPLIST_FILE = HackFSU/Info.plist;
				IPHONEOS_DEPLOYMENT_TARGET = 10.0;
				LD_RUNPATH_SEARCH_PATHS = "$(inherited) @executable_path/Frameworks";
				PRODUCT_BUNDLE_IDENTIFIER = com.hackfsu.ios;
				PRODUCT_NAME = "$(TARGET_NAME)";
				SWIFT_VERSION = 4.0;
				TARGETED_DEVICE_FAMILY = "1,2";
			};
			name = Debug;
		};
		DF5A18751F8A998700803F50 /* Release */ = {
			isa = XCBuildConfiguration;
			baseConfigurationReference = 5DFE20503AECE17FCC104065 /* Pods-HackFSU.release.xcconfig */;
			buildSettings = {
				ASSETCATALOG_COMPILER_APPICON_NAME = AppIcon;
				CODE_SIGN_ENTITLEMENTS = HackFSU/HackFSU.entitlements;
				CODE_SIGN_STYLE = Automatic;
				DEVELOPMENT_TEAM = NE788D48N6;
				INFOPLIST_FILE = HackFSU/Info.plist;
				IPHONEOS_DEPLOYMENT_TARGET = 10.0;
				LD_RUNPATH_SEARCH_PATHS = "$(inherited) @executable_path/Frameworks";
				PRODUCT_BUNDLE_IDENTIFIER = com.hackfsu.ios;
				PRODUCT_NAME = "$(TARGET_NAME)";
				SWIFT_VERSION = 4.0;
				TARGETED_DEVICE_FAMILY = "1,2";
			};
			name = Release;
		};
		DF5A18771F8A998700803F50 /* Debug */ = {
			isa = XCBuildConfiguration;
			buildSettings = {
				ALWAYS_EMBED_SWIFT_STANDARD_LIBRARIES = YES;
				BUNDLE_LOADER = "$(TEST_HOST)";
				CODE_SIGN_STYLE = Automatic;
				DEVELOPMENT_TEAM = NE788D48N6;
				INFOPLIST_FILE = HackFSUTests/Info.plist;
				LD_RUNPATH_SEARCH_PATHS = "$(inherited) @executable_path/Frameworks @loader_path/Frameworks";
				PRODUCT_BUNDLE_IDENTIFIER = com.hackfsu.ios.HackFSUTests;
				PRODUCT_NAME = "$(TARGET_NAME)";
				SWIFT_VERSION = 4.0;
				TARGETED_DEVICE_FAMILY = "1,2";
				TEST_HOST = "$(BUILT_PRODUCTS_DIR)/HackFSU.app/HackFSU";
			};
			name = Debug;
		};
		DF5A18781F8A998700803F50 /* Release */ = {
			isa = XCBuildConfiguration;
			buildSettings = {
				ALWAYS_EMBED_SWIFT_STANDARD_LIBRARIES = YES;
				BUNDLE_LOADER = "$(TEST_HOST)";
				CODE_SIGN_STYLE = Automatic;
				DEVELOPMENT_TEAM = NE788D48N6;
				INFOPLIST_FILE = HackFSUTests/Info.plist;
				LD_RUNPATH_SEARCH_PATHS = "$(inherited) @executable_path/Frameworks @loader_path/Frameworks";
				PRODUCT_BUNDLE_IDENTIFIER = com.hackfsu.ios.HackFSUTests;
				PRODUCT_NAME = "$(TARGET_NAME)";
				SWIFT_VERSION = 4.0;
				TARGETED_DEVICE_FAMILY = "1,2";
				TEST_HOST = "$(BUILT_PRODUCTS_DIR)/HackFSU.app/HackFSU";
			};
			name = Release;
		};
		DF5A187A1F8A998700803F50 /* Debug */ = {
			isa = XCBuildConfiguration;
			buildSettings = {
				ALWAYS_EMBED_SWIFT_STANDARD_LIBRARIES = YES;
				CODE_SIGN_STYLE = Automatic;
				DEVELOPMENT_TEAM = NE788D48N6;
				INFOPLIST_FILE = HackFSUUITests/Info.plist;
				LD_RUNPATH_SEARCH_PATHS = "$(inherited) @executable_path/Frameworks @loader_path/Frameworks";
				PRODUCT_BUNDLE_IDENTIFIER = com.hackfsu.ios.HackFSUUITests;
				PRODUCT_NAME = "$(TARGET_NAME)";
				SWIFT_VERSION = 4.0;
				TARGETED_DEVICE_FAMILY = "1,2";
				TEST_TARGET_NAME = HackFSU;
			};
			name = Debug;
		};
		DF5A187B1F8A998700803F50 /* Release */ = {
			isa = XCBuildConfiguration;
			buildSettings = {
				ALWAYS_EMBED_SWIFT_STANDARD_LIBRARIES = YES;
				CODE_SIGN_STYLE = Automatic;
				DEVELOPMENT_TEAM = NE788D48N6;
				INFOPLIST_FILE = HackFSUUITests/Info.plist;
				LD_RUNPATH_SEARCH_PATHS = "$(inherited) @executable_path/Frameworks @loader_path/Frameworks";
				PRODUCT_BUNDLE_IDENTIFIER = com.hackfsu.ios.HackFSUUITests;
				PRODUCT_NAME = "$(TARGET_NAME)";
				SWIFT_VERSION = 4.0;
				TARGETED_DEVICE_FAMILY = "1,2";
				TEST_TARGET_NAME = HackFSU;
			};
			name = Release;
		};
/* End XCBuildConfiguration section */

/* Begin XCConfigurationList section */
		B9A589852029120F000BF51A /* Build configuration list for PBXNativeTarget "HackFSUWatch Extension" */ = {
			isa = XCConfigurationList;
			buildConfigurations = (
				B9A589832029120F000BF51A /* Debug */,
				B9A589842029120F000BF51A /* Release */,
			);
			defaultConfigurationIsVisible = 0;
			defaultConfigurationName = Release;
		};
		B9A589872029120F000BF51A /* Build configuration list for PBXNativeTarget "HackFSUWatch" */ = {
			isa = XCConfigurationList;
			buildConfigurations = (
				B9A589812029120F000BF51A /* Debug */,
				B9A589822029120F000BF51A /* Release */,
			);
			defaultConfigurationIsVisible = 0;
			defaultConfigurationName = Release;
		};
		DF5A18441F8A998600803F50 /* Build configuration list for PBXProject "HackFSU" */ = {
			isa = XCConfigurationList;
			buildConfigurations = (
				DF5A18711F8A998700803F50 /* Debug */,
				DF5A18721F8A998700803F50 /* Release */,
			);
			defaultConfigurationIsVisible = 0;
			defaultConfigurationName = Release;
		};
		DF5A18731F8A998700803F50 /* Build configuration list for PBXNativeTarget "HackFSU" */ = {
			isa = XCConfigurationList;
			buildConfigurations = (
				DF5A18741F8A998700803F50 /* Debug */,
				DF5A18751F8A998700803F50 /* Release */,
			);
			defaultConfigurationIsVisible = 0;
			defaultConfigurationName = Release;
		};
		DF5A18761F8A998700803F50 /* Build configuration list for PBXNativeTarget "HackFSUTests" */ = {
			isa = XCConfigurationList;
			buildConfigurations = (
				DF5A18771F8A998700803F50 /* Debug */,
				DF5A18781F8A998700803F50 /* Release */,
			);
			defaultConfigurationIsVisible = 0;
			defaultConfigurationName = Release;
		};
		DF5A18791F8A998700803F50 /* Build configuration list for PBXNativeTarget "HackFSUUITests" */ = {
			isa = XCConfigurationList;
			buildConfigurations = (
				DF5A187A1F8A998700803F50 /* Debug */,
				DF5A187B1F8A998700803F50 /* Release */,
			);
			defaultConfigurationIsVisible = 0;
			defaultConfigurationName = Release;
		};
/* End XCConfigurationList section */

/* Begin XCVersionGroup section */
		DF70128B1FA2B9730061C2B9 /* HackFSU.xcdatamodeld */ = {
			isa = XCVersionGroup;
			children = (
				DF70128C1FA2B9730061C2B9 /* HackFSU.xcdatamodel */,
			);
			currentVersion = DF70128C1FA2B9730061C2B9 /* HackFSU.xcdatamodel */;
			path = HackFSU.xcdatamodeld;
			sourceTree = "<group>";
			versionGroupType = wrapper.xcdatamodel;
		};
/* End XCVersionGroup section */
	};
	rootObject = DF5A18411F8A998600803F50 /* Project object */;
}
